
Microsoft Visual Studio Solution File, Format Version 12.00
# Visual Studio Version 17
VisualStudioVersion = 17.9.34723.18
MinimumVisualStudioVersion = 10.0.40219.1
Project("{FAE04EC0-301F-11D3-BF4B-00C04F79EFBC}") = "ClicknPaste", "ClicknPaste\ClicknPaste.csproj", "{6F00F5D8-E836-4826-B5EF-8B703D1832BA}"
EndProject
Global
	GlobalSection(SolutionConfigurationPlatforms) = preSolution
		Debug|Any CPU = Debug|Any CPU
		Release|Any CPU = Release|Any CPU
	EndGlobalSection
	GlobalSection(ProjectConfigurationPlatforms) = postSolution
		{6F00F5D8-E836-4826-B5EF-8B703D1832BA}.Debug|Any CPU.ActiveCfg = Debug|Any CPU
		{6F00F5D8-E836-4826-B5EF-8B703D1832BA}.Debug|Any CPU.Build.0 = Debug|Any CPU
		{6F00F5D8-E836-4826-B5EF-8B703D1832BA}.Release|Any CPU.ActiveCfg = Release|Any CPU
		{6F00F5D8-E836-4826-B5EF-8B703D1832BA}.Release|Any CPU.Build.0 = Release|Any CPU
	EndGlobalSection
	GlobalSection(SolutionProperties) = preSolution
		HideSolutionNode = FALSE
	EndGlobalSection
	GlobalSection(ExtensibilityGlobals) = postSolution
		SolutionGuid = {35F28D16-6E44-4BB8-A3D1-F563DD1CA75E}
	EndGlobalSection
EndGlobal
